
Microsoft Visual Studio Solution File, Format Version 12.00
# Visual Studio Version 17
VisualStudioVersion = 17.4.33213.308
MinimumVisualStudioVersion = 10.0.40219.1
Project("{9A19103F-16F7-4668-BE54-9A1E7A4F7556}") = "CryptographyApp", "CryptographyApp\CryptographyApp.csproj", "{6D6B0707-176B-4F53-8C76-A9D32520BF1D}"
EndProject
Project("{FAE04EC0-301F-11D3-BF4B-00C04F79EFBC}") = "CryptographyApp.Mapper", "CryptographyApp.Mapper\CryptographyApp.Mapper.csproj", "{A331941A-B45C-4F14-BFF3-8BA584D152BB}"
EndProject
Global
	GlobalSection(SolutionConfigurationPlatforms) = preSolution
		Debug|Any CPU = Debug|Any CPU
		Release|Any CPU = Release|Any CPU
	EndGlobalSection
	GlobalSection(ProjectConfigurationPlatforms) = postSolution
		{6D6B0707-176B-4F53-8C76-A9D32520BF1D}.Debug|Any CPU.ActiveCfg = Debug|Any CPU
		{6D6B0707-176B-4F53-8C76-A9D32520BF1D}.Debug|Any CPU.Build.0 = Debug|Any CPU
		{6D6B0707-176B-4F53-8C76-A9D32520BF1D}.Release|Any CPU.ActiveCfg = Release|Any CPU
		{6D6B0707-176B-4F53-8C76-A9D32520BF1D}.Release|Any CPU.Build.0 = Release|Any CPU
		{A331941A-B45C-4F14-BFF3-8BA584D152BB}.Debug|Any CPU.ActiveCfg = Debug|Any CPU
		{A331941A-B45C-4F14-BFF3-8BA584D152BB}.Debug|Any CPU.Build.0 = Debug|Any CPU
		{A331941A-B45C-4F14-BFF3-8BA584D152BB}.Release|Any CPU.ActiveCfg = Release|Any CPU
		{A331941A-B45C-4F14-BFF3-8BA584D152BB}.Release|Any CPU.Build.0 = Release|Any CPU
	EndGlobalSection
	GlobalSection(SolutionProperties) = preSolution
		HideSolutionNode = FALSE
	EndGlobalSection
	GlobalSection(ExtensibilityGlobals) = postSolution
		SolutionGuid = {6188D295-4CF7-4186-B0D8-7E68540368E0}
	EndGlobalSection
EndGlobal
